
Microsoft Visual Studio Solution File, Format Version 12.00
# Visual Studio Version 17
VisualStudioVersion = 17.0.32014.148
MinimumVisualStudioVersion = 10.0.40219.1
Project("{FAE04EC0-301F-11D3-BF4B-00C04F79EFBC}") = "MDMCFU", "MDMCFU\MDMCFU.csproj", "{CC12F5D4-AE78-4A45-8A3A-E5F2DCA7428A}"
EndProject
Global
	GlobalSection(SolutionConfigurationPlatforms) = preSolution
		Debug|Any CPU = Debug|Any CPU
		Release|Any CPU = Release|Any CPU
	EndGlobalSection
	GlobalSection(ProjectConfigurationPlatforms) = postSolution
		{CC12F5D4-AE78-4A45-8A3A-E5F2DCA7428A}.Debug|Any CPU.ActiveCfg = Debug|Any CPU
		{CC12F5D4-AE78-4A45-8A3A-E5F2DCA7428A}.Debug|Any CPU.Build.0 = Debug|Any CPU
		{CC12F5D4-AE78-4A45-8A3A-E5F2DCA7428A}.Release|Any CPU.ActiveCfg = Release|Any CPU
		{CC12F5D4-AE78-4A45-8A3A-E5F2DCA7428A}.Release|Any CPU.Build.0 = Release|Any CPU
	EndGlobalSection
	GlobalSection(SolutionProperties) = preSolution
		HideSolutionNode = FALSE
	EndGlobalSection
	GlobalSection(ExtensibilityGlobals) = postSolution
		SolutionGuid = {05313E88-1A86-48A8-9C72-45C4B8CD64A9}
	EndGlobalSection
EndGlobal
